
Microsoft Visual Studio Solution File, Format Version 12.00
# Visual Studio 14
VisualStudioVersion = 14.0.24720.0
MinimumVisualStudioVersion = 10.0.40219.1
Project("{FAE04EC0-301F-11D3-BF4B-00C04F79EFBC}") = "ConsoleApplication7", "ConsoleApplication7\ConsoleApplication7.csproj", "{CD529E81-0B5A-4012-9753-902386D4649F}"
EndProject
Global
	GlobalSection(SolutionConfigurationPlatforms) = preSolution
		Debug|Any CPU = Debug|Any CPU
		Release|Any CPU = Release|Any CPU
	EndGlobalSection
	GlobalSection(ProjectConfigurationPlatforms) = postSolution
		{CD529E81-0B5A-4012-9753-902386D4649F}.Debug|Any CPU.ActiveCfg = Debug|Any CPU
		{CD529E81-0B5A-4012-9753-902386D4649F}.Debug|Any CPU.Build.0 = Debug|Any CPU
		{CD529E81-0B5A-4012-9753-902386D4649F}.Release|Any CPU.ActiveCfg = Release|Any CPU
		{CD529E81-0B5A-4012-9753-902386D4649F}.Release|Any CPU.Build.0 = Release|Any CPU
	EndGlobalSection
	GlobalSection(SolutionProperties) = preSolution
		HideSolutionNode = FALSE
	EndGlobalSection
EndGlobal
